
Microsoft Visual Studio Solution File, Format Version 12.00
# Visual Studio Version 16
VisualStudioVersion = 16.0.31410.357
MinimumVisualStudioVersion = 10.0.40219.1
Project("{FAE04EC0-301F-11D3-BF4B-00C04F79EFBC}") = "LCProxy", "LCProxy.csproj", "{5EE696AB-1B22-4D02-B208-B8508649B084}"
EndProject
Global
	GlobalSection(SolutionConfigurationPlatforms) = preSolution
		Debug|Any CPU = Debug|Any CPU
		Release|Any CPU = Release|Any CPU
	EndGlobalSection
	GlobalSection(ProjectConfigurationPlatforms) = postSolution
		{5EE696AB-1B22-4D02-B208-B8508649B084}.Debug|Any CPU.ActiveCfg = Debug|Any CPU
		{5EE696AB-1B22-4D02-B208-B8508649B084}.Debug|Any CPU.Build.0 = Debug|Any CPU
		{5EE696AB-1B22-4D02-B208-B8508649B084}.Release|Any CPU.ActiveCfg = Release|Any CPU
		{5EE696AB-1B22-4D02-B208-B8508649B084}.Release|Any CPU.Build.0 = Release|Any CPU
	EndGlobalSection
	GlobalSection(SolutionProperties) = preSolution
		HideSolutionNode = FALSE
	EndGlobalSection
	GlobalSection(ExtensibilityGlobals) = postSolution
		SolutionGuid = {184A7E53-569D-496B-89DF-502336E6A709}
	EndGlobalSection
EndGlobal
